
Microsoft Visual Studio Solution File, Format Version 12.00
# Visual Studio Version 16
VisualStudioVersion = 16.0.31205.134
MinimumVisualStudioVersion = 10.0.40219.1
Project("{9A19103F-16F7-4668-BE54-9A1E7A4F7556}") = "WebAPIMastek", "WebAPIMastek\WebAPIMastek.csproj", "{064492D4-2301-4432-86D9-5AEE92C6222A}"
EndProject
Project("{9A19103F-16F7-4668-BE54-9A1E7A4F7556}") = "WebClientMastek", "..\WebClientMastek\WebClientMastek\WebClientMastek.csproj", "{15DB7234-4E1B-4232-BF32-66D87C4D60E5}"
EndProject
Global
	GlobalSection(SolutionConfigurationPlatforms) = preSolution
		Debug|Any CPU = Debug|Any CPU
		Release|Any CPU = Release|Any CPU
	EndGlobalSection
	GlobalSection(ProjectConfigurationPlatforms) = postSolution
		{064492D4-2301-4432-86D9-5AEE92C6222A}.Debug|Any CPU.ActiveCfg = Debug|Any CPU
		{064492D4-2301-4432-86D9-5AEE92C6222A}.Debug|Any CPU.Build.0 = Debug|Any CPU
		{064492D4-2301-4432-86D9-5AEE92C6222A}.Release|Any CPU.ActiveCfg = Release|Any CPU
		{064492D4-2301-4432-86D9-5AEE92C6222A}.Release|Any CPU.Build.0 = Release|Any CPU
		{15DB7234-4E1B-4232-BF32-66D87C4D60E5}.Debug|Any CPU.ActiveCfg = Debug|Any CPU
		{15DB7234-4E1B-4232-BF32-66D87C4D60E5}.Debug|Any CPU.Build.0 = Debug|Any CPU
		{15DB7234-4E1B-4232-BF32-66D87C4D60E5}.Release|Any CPU.ActiveCfg = Release|Any CPU
		{15DB7234-4E1B-4232-BF32-66D87C4D60E5}.Release|Any CPU.Build.0 = Release|Any CPU
	EndGlobalSection
	GlobalSection(SolutionProperties) = preSolution
		HideSolutionNode = FALSE
	EndGlobalSection
	GlobalSection(ExtensibilityGlobals) = postSolution
		SolutionGuid = {3E4BB9AF-53A2-4C36-8B06-1F929CBE9774}
	EndGlobalSection
EndGlobal
