
Microsoft Visual Studio Solution File, Format Version 12.00
# Visual Studio Version 16
VisualStudioVersion = 16.0.31205.134
MinimumVisualStudioVersion = 10.0.40219.1
Project("{FAE04EC0-301F-11D3-BF4B-00C04F79EFBC}") = "BlazerWebAppDemo", "BlazerWebAppDemo\BlazerWebAppDemo.csproj", "{3DD6B4FA-4321-46FE-85EB-D6BBD6439696}"
EndProject
Global
	GlobalSection(SolutionConfigurationPlatforms) = preSolution
		Debug|Any CPU = Debug|Any CPU
		Release|Any CPU = Release|Any CPU
	EndGlobalSection
	GlobalSection(ProjectConfigurationPlatforms) = postSolution
		{3DD6B4FA-4321-46FE-85EB-D6BBD6439696}.Debug|Any CPU.ActiveCfg = Debug|Any CPU
		{3DD6B4FA-4321-46FE-85EB-D6BBD6439696}.Debug|Any CPU.Build.0 = Debug|Any CPU
		{3DD6B4FA-4321-46FE-85EB-D6BBD6439696}.Release|Any CPU.ActiveCfg = Release|Any CPU
		{3DD6B4FA-4321-46FE-85EB-D6BBD6439696}.Release|Any CPU.Build.0 = Release|Any CPU
	EndGlobalSection
	GlobalSection(SolutionProperties) = preSolution
		HideSolutionNode = FALSE
	EndGlobalSection
	GlobalSection(ExtensibilityGlobals) = postSolution
		SolutionGuid = {1E3CDE98-AC63-416D-90F5-F50F19547489}
	EndGlobalSection
EndGlobal
