
Microsoft Visual Studio Solution File, Format Version 12.00
# Visual Studio Version 16
VisualStudioVersion = 16.0.31205.134
MinimumVisualStudioVersion = 10.0.40219.1
Project("{FAE04EC0-301F-11D3-BF4B-00C04F79EFBC}") = "LinqUdemyApp", "LinqUdemyApp\LinqUdemyApp.csproj", "{EF7A3E16-1D95-4BCB-A9E4-02841CA57E85}"
EndProject
Global
	GlobalSection(SolutionConfigurationPlatforms) = preSolution
		Debug|Any CPU = Debug|Any CPU
		Release|Any CPU = Release|Any CPU
	EndGlobalSection
	GlobalSection(ProjectConfigurationPlatforms) = postSolution
		{EF7A3E16-1D95-4BCB-A9E4-02841CA57E85}.Debug|Any CPU.ActiveCfg = Debug|Any CPU
		{EF7A3E16-1D95-4BCB-A9E4-02841CA57E85}.Debug|Any CPU.Build.0 = Debug|Any CPU
		{EF7A3E16-1D95-4BCB-A9E4-02841CA57E85}.Release|Any CPU.ActiveCfg = Release|Any CPU
		{EF7A3E16-1D95-4BCB-A9E4-02841CA57E85}.Release|Any CPU.Build.0 = Release|Any CPU
	EndGlobalSection
	GlobalSection(SolutionProperties) = preSolution
		HideSolutionNode = FALSE
	EndGlobalSection
	GlobalSection(ExtensibilityGlobals) = postSolution
		SolutionGuid = {8E09FF0C-868E-45C6-BC30-0166B6E3C1CA}
	EndGlobalSection
EndGlobal
