
Microsoft Visual Studio Solution File, Format Version 12.00
# Visual Studio Version 16
VisualStudioVersion = 16.0.31205.134
MinimumVisualStudioVersion = 10.0.40219.1
Project("{FAE04EC0-301F-11D3-BF4B-00C04F79EFBC}") = "DatBaseApp", "DatBaseApp\DatBaseApp.csproj", "{6D4DF8C5-0517-446C-84E5-63B052157AF2}"
EndProject
Global
	GlobalSection(SolutionConfigurationPlatforms) = preSolution
		Debug|Any CPU = Debug|Any CPU
		Release|Any CPU = Release|Any CPU
	EndGlobalSection
	GlobalSection(ProjectConfigurationPlatforms) = postSolution
		{6D4DF8C5-0517-446C-84E5-63B052157AF2}.Debug|Any CPU.ActiveCfg = Debug|Any CPU
		{6D4DF8C5-0517-446C-84E5-63B052157AF2}.Debug|Any CPU.Build.0 = Debug|Any CPU
		{6D4DF8C5-0517-446C-84E5-63B052157AF2}.Release|Any CPU.ActiveCfg = Release|Any CPU
		{6D4DF8C5-0517-446C-84E5-63B052157AF2}.Release|Any CPU.Build.0 = Release|Any CPU
	EndGlobalSection
	GlobalSection(SolutionProperties) = preSolution
		HideSolutionNode = FALSE
	EndGlobalSection
	GlobalSection(ExtensibilityGlobals) = postSolution
		SolutionGuid = {9F4998A6-7B72-41B7-A487-059571408612}
	EndGlobalSection
EndGlobal
