
Microsoft Visual Studio Solution File, Format Version 12.00
# Visual Studio Version 16
VisualStudioVersion = 16.0.31205.134
MinimumVisualStudioVersion = 10.0.40219.1
Project("{FAE04EC0-301F-11D3-BF4B-00C04F79EFBC}") = "EFCodeFirstApp", "EFCodeFirstApp\EFCodeFirstApp.csproj", "{1BCE3196-37AC-45A4-BEC6-00019BC8EB1D}"
EndProject
Global
	GlobalSection(SolutionConfigurationPlatforms) = preSolution
		Debug|Any CPU = Debug|Any CPU
		Release|Any CPU = Release|Any CPU
	EndGlobalSection
	GlobalSection(ProjectConfigurationPlatforms) = postSolution
		{1BCE3196-37AC-45A4-BEC6-00019BC8EB1D}.Debug|Any CPU.ActiveCfg = Debug|Any CPU
		{1BCE3196-37AC-45A4-BEC6-00019BC8EB1D}.Debug|Any CPU.Build.0 = Debug|Any CPU
		{1BCE3196-37AC-45A4-BEC6-00019BC8EB1D}.Release|Any CPU.ActiveCfg = Release|Any CPU
		{1BCE3196-37AC-45A4-BEC6-00019BC8EB1D}.Release|Any CPU.Build.0 = Release|Any CPU
	EndGlobalSection
	GlobalSection(SolutionProperties) = preSolution
		HideSolutionNode = FALSE
	EndGlobalSection
	GlobalSection(ExtensibilityGlobals) = postSolution
		SolutionGuid = {2F3FD416-C976-45C7-91C9-5403406B0C0E}
	EndGlobalSection
EndGlobal
