
Microsoft Visual Studio Solution File, Format Version 12.00
# Visual Studio Version 16
VisualStudioVersion = 16.0.31205.134
MinimumVisualStudioVersion = 10.0.40219.1
Project("{FAE04EC0-301F-11D3-BF4B-00C04F79EFBC}") = "CollectionDemoApp", "CollectionDemoApp\CollectionDemoApp.csproj", "{FBEAA924-EBF6-4874-BD20-E7B876DAF4AD}"
EndProject
Global
	GlobalSection(SolutionConfigurationPlatforms) = preSolution
		Debug|Any CPU = Debug|Any CPU
		Release|Any CPU = Release|Any CPU
	EndGlobalSection
	GlobalSection(ProjectConfigurationPlatforms) = postSolution
		{FBEAA924-EBF6-4874-BD20-E7B876DAF4AD}.Debug|Any CPU.ActiveCfg = Debug|Any CPU
		{FBEAA924-EBF6-4874-BD20-E7B876DAF4AD}.Debug|Any CPU.Build.0 = Debug|Any CPU
		{FBEAA924-EBF6-4874-BD20-E7B876DAF4AD}.Release|Any CPU.ActiveCfg = Release|Any CPU
		{FBEAA924-EBF6-4874-BD20-E7B876DAF4AD}.Release|Any CPU.Build.0 = Release|Any CPU
	EndGlobalSection
	GlobalSection(SolutionProperties) = preSolution
		HideSolutionNode = FALSE
	EndGlobalSection
	GlobalSection(ExtensibilityGlobals) = postSolution
		SolutionGuid = {75A5A342-9A52-44D7-940C-B2918666C308}
	EndGlobalSection
EndGlobal
