
Microsoft Visual Studio Solution File, Format Version 12.00
# Visual Studio Version 16
VisualStudioVersion = 16.0.31205.134
MinimumVisualStudioVersion = 10.0.40219.1
Project("{FAE04EC0-301F-11D3-BF4B-00C04F79EFBC}") = "EFCodeFirstAssignment", "EFCodeFirstAssignment\EFCodeFirstAssignment.csproj", "{B264492E-9CA0-4623-AF58-4E0EFE601C5B}"
EndProject
Global
	GlobalSection(SolutionConfigurationPlatforms) = preSolution
		Debug|Any CPU = Debug|Any CPU
		Release|Any CPU = Release|Any CPU
	EndGlobalSection
	GlobalSection(ProjectConfigurationPlatforms) = postSolution
		{B264492E-9CA0-4623-AF58-4E0EFE601C5B}.Debug|Any CPU.ActiveCfg = Debug|Any CPU
		{B264492E-9CA0-4623-AF58-4E0EFE601C5B}.Debug|Any CPU.Build.0 = Debug|Any CPU
		{B264492E-9CA0-4623-AF58-4E0EFE601C5B}.Release|Any CPU.ActiveCfg = Release|Any CPU
		{B264492E-9CA0-4623-AF58-4E0EFE601C5B}.Release|Any CPU.Build.0 = Release|Any CPU
	EndGlobalSection
	GlobalSection(SolutionProperties) = preSolution
		HideSolutionNode = FALSE
	EndGlobalSection
	GlobalSection(ExtensibilityGlobals) = postSolution
		SolutionGuid = {D071ED9B-8972-4AAC-9CE8-F8EFB78813C1}
	EndGlobalSection
EndGlobal
